dependencies:
- name: redis
  repository: https://charts.bitnami.com/bitnami
  version: 19.1.0
- name: redisinsight
  repository: https://heywood8.github.io/helm-charts
  version: 0.4.5
digest: sha256:6c45d7164ec379241f9198d70aebc9097a09d274fc386edcbd3ed95cfac57195
generated: "2024-05-06T11:44:04.137171643+01:00"
