dependencies:
- name: postgresql
  repository: https://charts.bitnami.com/bitnami
  version: 16.2.4
- name: pgadmin4
  repository: https://helm.runix.net
  version: 1.33.2
digest: sha256:d8c7a2025245fd41d072d5401a684f84a8b83403b6ab11a6e6984499d4ba9ee0
generated: "2024-12-03T18:30:21.181392194+02:00"
